
Microsoft Visual Studio Solution File, Format Version 12.00
# Visual Studio Version 16
VisualStudioVersion = 16.0.30114.105
MinimumVisualStudioVersion = 10.0.40219.1
Project("{FAE04EC0-301F-11D3-BF4B-00C04F79EFBC}") = "LanguageExt.Extras", "src\LanguageExt.Extras.csproj", "{949D0746-9441-4821-99F0-5D38FF47A5C0}"
EndProject
Project("{2150E333-8FDC-42A3-9474-1A3956D46DE8}") = "tests", "tests", "{74A7878A-CDB9-45BC-81BC-3419C436CB61}"
EndProject
Project("{FAE04EC0-301F-11D3-BF4B-00C04F79EFBC}") = "LanguageExt.Extras.Tests.Unit", "tests\unit\LanguageExt.Extras.Tests.Unit.csproj", "{C1382BF4-2E01-4C55-9C1B-BC41A1E3C516}"
EndProject
Global
	GlobalSection(SolutionConfigurationPlatforms) = preSolution
		Debug|Any CPU = Debug|Any CPU
		Release|Any CPU = Release|Any CPU
	EndGlobalSection
	GlobalSection(SolutionProperties) = preSolution
		HideSolutionNode = FALSE
	EndGlobalSection
	GlobalSection(ProjectConfigurationPlatforms) = postSolution
		{949D0746-9441-4821-99F0-5D38FF47A5C0}.Debug|Any CPU.ActiveCfg = Debug|Any CPU
		{949D0746-9441-4821-99F0-5D38FF47A5C0}.Debug|Any CPU.Build.0 = Debug|Any CPU
		{949D0746-9441-4821-99F0-5D38FF47A5C0}.Release|Any CPU.ActiveCfg = Release|Any CPU
		{949D0746-9441-4821-99F0-5D38FF47A5C0}.Release|Any CPU.Build.0 = Release|Any CPU
		{C1382BF4-2E01-4C55-9C1B-BC41A1E3C516}.Debug|Any CPU.ActiveCfg = Debug|Any CPU
		{C1382BF4-2E01-4C55-9C1B-BC41A1E3C516}.Debug|Any CPU.Build.0 = Debug|Any CPU
		{C1382BF4-2E01-4C55-9C1B-BC41A1E3C516}.Release|Any CPU.ActiveCfg = Release|Any CPU
		{C1382BF4-2E01-4C55-9C1B-BC41A1E3C516}.Release|Any CPU.Build.0 = Release|Any CPU
	EndGlobalSection
	GlobalSection(NestedProjects) = preSolution
		{C1382BF4-2E01-4C55-9C1B-BC41A1E3C516} = {74A7878A-CDB9-45BC-81BC-3419C436CB61}
	EndGlobalSection
EndGlobal
